// !$*UTF8*$!
{
	archiveVersion = 1;
	classes = {
	};
	objectVersion = 46;
	objects = {

/* Begin PBXBuildFile section */
		490EC43A1AF938100050CD01 /* AppDelegate.swift in Sources */ = {isa = PBXBuildFile; fileRef = 490EC4391AF938100050CD01 /* AppDelegate.swift */; };
		490EC43C1AF938100050CD01 /* ViewController.swift in Sources */ = {isa = PBXBuildFile; fileRef = 490EC43B1AF938100050CD01 /* ViewController.swift */; };
		490EC43F1AF938100050CD01 /* Main.storyboard in Resources */ = {isa = PBXBuildFile; fileRef = 490EC43D1AF938100050CD01 /* Main.storyboard */; };
		490EC4411AF938100050CD01 /* Images.xcassets in Resources */ = {isa = PBXBuildFile; fileRef = 490EC4401AF938100050CD01 /* Images.xcassets */; };
		490EC4441AF938100050CD01 /* LaunchScreen.xib in Resources */ = {isa = PBXBuildFile; fileRef = 490EC4421AF938100050CD01 /* LaunchScreen.xib */; };
		490EC4501AF938100050CD01 /* BackgroundFetchTests.swift in Sources */ = {isa = PBXBuildFile; fileRef = 490EC44F1AF938100050CD01 /* BackgroundFetchTests.swift */; };
/* End PBXBuildFile section */

/* Begin PBXContainerItemProxy section */
		490EC44A1AF938100050CD01 /* PBXContainerItemProxy */ = {
			isa = PBXContainerItemProxy;
			containerPortal = 490EC42C1AF938100050CD01 /* Project object */;
			proxyType = 1;
			remoteGlobalIDString = 490EC4331AF938100050CD01;
			remoteInfo = BackgroundFetch;
		};
/* End PBXContainerItemProxy section */

/* Begin PBXFileReference section */
		490EC4341AF938100050CD01 /* BackgroundFetch.app */ = {isa = PBXFileReference; explicitFileType = wrapper.application; includeInIndex = 0; path = BackgroundFetch.app; sourceTree = BUILT_PRODUCTS_DIR; };
		490EC4381AF938100050CD01 /* Info.plist */ = {isa = PBXFileReference; lastKnownFileType = text.plist.xml; path = Info.plist; sourceTree = "<group>"; };
		490EC4391AF938100050CD01 /* AppDelegate.swift */ = {isa = PBXFileReference; lastKnownFileType = sourcecode.swift; path = AppDelegate.swift; sourceTree = "<group>"; };
		490EC43B1AF938100050CD01 /* ViewController.swift */ = {isa = PBXFileReference; lastKnownFileType = sourcecode.swift; path = ViewController.swift; sourceTree = "<group>"; };
		490EC43E1AF938100050CD01 /* Base */ = {isa = PBXFileReference; lastKnownFileType = file.storyboard; name = Base; path = Base.lproj/Main.storyboard; sourceTree = "<group>"; };
		490EC4401AF938100050CD01 /* Images.xcassets */ = {isa = PBXFileReference; lastKnownFileType = folder.assetcatalog; path = Images.xcassets; sourceTree = "<group>"; };
		490EC4431AF938100050CD01 /* Base */ = {isa = PBXFileReference; lastKnownFileType = file.xib; name = Base; path = Base.lproj/LaunchScreen.xib; sourceTree = "<group>"; };
		490EC4491AF938100050CD01 /* BackgroundFetchTests.xctest */ = {isa = PBXFileReference; explicitFileType = wrapper.cfbundle; includeInIndex = 0; path = BackgroundFetchTests.xctest; sourceTree = BUILT_PRODUCTS_DIR; };
		490EC44E1AF938100050CD01 /* Info.plist */ = {isa = PBXFileReference; lastKnownFileType = text.plist.xml; path = Info.plist; sourceTree = "<group>"; };
		490EC44F1AF938100050CD01 /* BackgroundFetchTests.swift */ = {isa = PBXFileReference; lastKnownFileType = sourcecode.swift; path = BackgroundFetchTests.swift; sourceTree = "<group>"; };
/* End PBXFileReference section */

/* Begin PBXFrameworksBuildPhase section */
		490EC4311AF938100050CD01 /* Frameworks */ = {
			isa = PBXFrameworksBuildPhase;
			buildActionMask = 2147483647;
			files = (
			);
			runOnlyForDeploymentPostprocessing = 0;
		};
		490EC4461AF938100050CD01 /* Frameworks */ = {
			isa = PBXFrameworksBuildPhase;
			buildActionMask = 2147483647;
			files = (
			);
			runOnlyForDeploymentPostprocessing = 0;
		};
/* End PBXFrameworksBuildPhase section */

/* Begin PBXGroup section */
		490EC42B1AF938100050CD01 = {
			isa = PBXGroup;
			children = (
				490EC4361AF938100050CD01 /* BackgroundFetch */,
				490EC44C1AF938100050CD01 /* BackgroundFetchTests */,
				490EC4351AF938100050CD01 /* Products */,
			);
			sourceTree = "<group>";
		};
		490EC4351AF938100050CD01 /* Products */ = {
			isa = PBXGroup;
			children = (
				490EC4341AF938100050CD01 /* BackgroundFetch.app */,
				490EC4491AF938100050CD01 /* BackgroundFetchTests.xctest */,
			);
			name = Products;
			sourceTree = "<group>";
		};
		490EC4361AF938100050CD01 /* BackgroundFetch */ = {
			isa = PBXGroup;
			children = (
				490EC4391AF938100050CD01 /* AppDelegate.swift */,
				490EC43B1AF938100050CD01 /* ViewController.swift */,
				490EC43D1AF938100050CD01 /* Main.storyboard */,
				490EC4401AF938100050CD01 /* Images.xcassets */,
				490EC4421AF938100050CD01 /* LaunchScreen.xib */,
				490EC4371AF938100050CD01 /* Supporting Files */,
			);
			path = BackgroundFetch;
			sourceTree = "<group>";
		};
		490EC4371AF938100050CD01 /* Supporting Files */ = {
			isa = PBXGroup;
			children = (
				490EC4381AF938100050CD01 /* Info.plist */,
			);
			name = "Supporting Files";
			sourceTree = "<group>";
		};
		490EC44C1AF938100050CD01 /* BackgroundFetchTests */ = {
			isa = PBXGroup;
			children = (
				490EC44F1AF938100050CD01 /* BackgroundFetchTests.swift */,
				490EC44D1AF938100050CD01 /* Supporting Files */,
			);
			path = BackgroundFetchTests;
			sourceTree = "<group>";
		};
		490EC44D1AF938100050CD01 /* Supporting Files */ = {
			isa = PBXGroup;
			children = (
				490EC44E1AF938100050CD01 /* Info.plist */,
			);
			name = "Supporting Files";
			sourceTree = "<group>";
		};
/* End PBXGroup section */

/* Begin PBXNativeTarget section */
		490EC4331AF938100050CD01 /* BackgroundFetch */ = {
			isa = PBXNativeTarget;
			buildConfigurationList = 490EC4531AF938100050CD01 /* Build configuration list for PBXNativeTarget "BackgroundFetch" */;
			buildPhases = (
				490EC4301AF938100050CD01 /* Sources */,
				490EC4311AF938100050CD01 /* Frameworks */,
				490EC4321AF938100050CD01 /* Resources */,
			);
			buildRules = (
			);
			dependencies = (
			);
			name = BackgroundFetch;
			productName = BackgroundFetch;
			productReference = 490EC4341AF938100050CD01 /* BackgroundFetch.app */;
			productType = "com.apple.product-type.application";
		};
		490EC4481AF938100050CD01 /* BackgroundFetchTests */ = {
			isa = PBXNativeTarget;
			buildConfigurationList = 490EC4561AF938100050CD01 /* Build configuration list for PBXNativeTarget "BackgroundFetchTests" */;
			buildPhases = (
				490EC4451AF938100050CD01 /* Sources */,
				490EC4461AF938100050CD01 /* Frameworks */,
				490EC4471AF938100050CD01 /* Resources */,
			);
			buildRules = (
			);
			dependencies = (
				490EC44B1AF938100050CD01 /* PBXTargetDependency */,
			);
			name = BackgroundFetchTests;
			productName = BackgroundFetchTests;
			productReference = 490EC4491AF938100050CD01 /* BackgroundFetchTests.xctest */;
			productType = "com.apple.product-type.bundle.unit-test";
		};
/* End PBXNativeTarget section */

/* Begin PBXProject section */
		490EC42C1AF938100050CD01 /* Project object */ = {
			isa = PBXProject;
			attributes = {
				LastUpgradeCheck = 0630;
				ORGANIZATIONNAME = "Bas Broek";
				TargetAttributes = {
					490EC4331AF938100050CD01 = {
						CreatedOnToolsVersion = 6.3.1;
						SystemCapabilities = {
							com.apple.BackgroundModes = {
								enabled = 1;
							};
						};
					};
					490EC4481AF938100050CD01 = {
						CreatedOnToolsVersion = 6.3.1;
						TestTargetID = 490EC4331AF938100050CD01;
					};
				};
			};
			buildConfigurationList = 490EC42F1AF938100050CD01 /* Build configuration list for PBXProject "BackgroundFetch" */;
			compatibilityVersion = "Xcode 3.2";
			developmentRegion = English;
			hasScannedForEncodings = 0;
			knownRegions = (
				en,
				Base,
			);
			mainGroup = 490EC42B1AF938100050CD01;
			productRefGroup = 490EC4351AF938100050CD01 /* Products */;
			projectDirPath = "";
			projectRoot = "";
			targets = (
				490EC4331AF938100050CD01 /* BackgroundFetch */,
				490EC4481AF938100050CD01 /* BackgroundFetchTests */,
			);
		};
/* End PBXProject section */

/* Begin PBXResourcesBuildPhase section */
		490EC4321AF938100050CD01 /* Resources */ = {
			isa = PBXResourcesBuildPhase;
			buildActionMask = 2147483647;
			files = (
				490EC43F1AF938100050CD01 /* Main.storyboard in Resources */,
				490EC4441AF938100050CD01 /* LaunchScreen.xib in Resources */,
				490EC4411AF938100050CD01 /* Images.xcassets in Resources */,
			);
			runOnlyForDeploymentPostprocessing = 0;
		};
		490EC4471AF938100050CD01 /* Resources */ = {
			isa = PBXResourcesBuildPhase;
			buildActionMask = 2147483647;
			files = (
			);
			runOnlyForDeploymentPostprocessing = 0;
		};
/* End PBXResourcesBuildPhase section */

/* Begin PBXSourcesBuildPhase section */
		490EC4301AF938100050CD01 /* Sources */ = {
			isa = PBXSourcesBuildPhase;
			buildActionMask = 2147483647;
			files = (
				490EC43C1AF938100050CD01 /* ViewController.swift in Sources */,
				490EC43A1AF938100050CD01 /* AppDelegate.swift in Sources */,
			);
			runOnlyForDeploymentPostprocessing = 0;
		};
		490EC4451AF938100050CD01 /* Sources */ = {
			isa = PBXSourcesBuildPhase;
			buildActionMask = 2147483647;
			files = (
				490EC4501AF938100050CD01 /* BackgroundFetchTests.swift in Sources */,
			);
			runOnlyForDeploymentPostprocessing = 0;
		};
/* End PBXSourcesBuildPhase section */

/* Begin PBXTargetDependency section */
		490EC44B1AF938100050CD01 /* PBXTargetDependency */ = {
			isa = PBXTargetDependency;
			target = 490EC4331AF938100050CD01 /* BackgroundFetch */;
			targetProxy = 490EC44A1AF938100050CD01 /* PBXContainerItemProxy */;
		};
/* End PBXTargetDependency section */

/* Begin PBXVariantGroup section */
		490EC43D1AF938100050CD01 /* Main.storyboard */ = {
			isa = PBXVariantGroup;
			children = (
				490EC43E1AF938100050CD01 /* Base */,
			);
			name = Main.storyboard;
			sourceTree = "<group>";
		};
		490EC4421AF938100050CD01 /* LaunchScreen.xib */ = {
			isa = PBXVariantGroup;
			children = (
				490EC4431AF938100050CD01 /* Base */,
			);
			name = LaunchScreen.xib;
			sourceTree = "<group>";
		};
/* End PBXVariantGroup section */

/* Begin XCBuildConfiguration section */
		490EC4511AF938100050CD01 /* Debug */ = {
			isa = XCBuildConfiguration;
			buildSettings = {
				ALWAYS_SEARCH_USER_PATHS = NO;
				CLANG_CXX_LANGUAGE_STANDARD = "gnu++0x";
				CLANG_CXX_LIBRARY = "libc++";
				CLANG_ENABLE_MODULES = YES;
				CLANG_ENABLE_OBJC_ARC = YES;
				CLANG_WARN_BOOL_CONVERSION = YES;
				CLANG_WARN_CONSTANT_CONVERSION = YES;
				CLANG_WARN_DIRECT_OBJC_ISA_USAGE = YES_ERROR;
				CLANG_WARN_EMPTY_BODY = YES;
				CLANG_WARN_ENUM_CONVERSION = YES;
				CLANG_WARN_INT_CONVERSION = YES;
				CLANG_WARN_OBJC_ROOT_CLASS = YES_ERROR;
				CLANG_WARN_UNREACHABLE_CODE = YES;
				CLANG_WARN__DUPLICATE_METHOD_MATCH = YES;
				"CODE_SIGN_IDENTITY[sdk=iphoneos*]" = "iPhone Developer";
				COPY_PHASE_STRIP = NO;
				DEBUG_INFORMATION_FORMAT = "dwarf-with-dsym";
				ENABLE_STRICT_OBJC_MSGSEND = YES;
				GCC_C_LANGUAGE_STANDARD = gnu99;
				GCC_DYNAMIC_NO_PIC = NO;
				GCC_NO_COMMON_BLOCKS = YES;
				GCC_OPTIMIZATION_LEVEL = 0;
				GCC_PREPROCESSOR_DEFINITIONS = (
					"DEBUG=1",
					"$(inherited)",
				);
				GCC_SYMBOLS_PRIVATE_EXTERN = NO;
				GCC_WARN_64_TO_32_BIT_CONVERSION = YES;
				GCC_WARN_ABOUT_RETURN_TYPE = YES_ERROR;
				GCC_WARN_UNDECLARED_SELECTOR = YES;
				GCC_WARN_UNINITIALIZED_AUTOS = YES_AGGRESSIVE;
				GCC_WARN_UNUSED_FUNCTION = YES;
				GCC_WARN_UNUSED_VARIABLE = YES;
				IPHONEOS_DEPLOYMENT_TARGET = 8.2;
				MTL_ENABLE_DEBUG_INFO = YES;
				ONLY_ACTIVE_ARCH = YES;
				SDKROOT = iphoneos;
				SWIFT_OPTIMIZATION_LEVEL = "-Onone";
				TARGETED_DEVICE_FAMILY = "1,2";
			};
			name = Debug;
		};
		490EC4521AF938100050CD01 /* Release */ = {
			isa = XCBuildConfiguration;
			buildSettings = {
				ALWAYS_SEARCH_USER_PATHS = NO;
				CLANG_CXX_LANGUAGE_STANDARD = "gnu++0x";
				CLANG_CXX_LIBRARY = "libc++";
				CLANG_ENABLE_MODULES = YES;
				CLANG_ENABLE_OBJC_ARC = YES;
				CLANG_WARN_BOOL_CONVERSION = YES;
				CLANG_WARN_CONSTANT_CONVERSION = YES;
				CLANG_WARN_DIRECT_OBJC_ISA_USAGE = YES_ERROR;
				CLANG_WARN_EMPTY_BODY = YES;
				CLANG_WARN_ENUM_CONVERSION = YES;
				CLANG_WARN_INT_CONVERSION = YES;
				CLANG_WARN_OBJC_ROOT_CLASS = YES_ERROR;
				CLANG_WARN_UNREACHABLE_CODE = YES;
				CLANG_WARN__DUPLICATE_METHOD_MATCH = YES;
				"CODE_SIGN_IDENTITY[sdk=iphoneos*]" = "iPhone Developer";
				COPY_PHASE_STRIP = NO;
				DEBUG_INFORMATION_FORMAT = "dwarf-with-dsym";
				ENABLE_NS_ASSERTIONS = NO;
				ENABLE_STRICT_OBJC_MSGSEND = YES;
				GCC_C_LANGUAGE_STANDARD = gnu99;
				GCC_NO_COMMON_BLOCKS = YES;
				GCC_WARN_64_TO_32_BIT_CONVERSION = YES;
				GCC_WARN_ABOUT_RETURN_TYPE = YES_ERROR;
				GCC_WARN_UNDECLARED_SELECTOR = YES;
				GCC_WARN_UNINITIALIZED_AUTOS = YES_AGGRESSIVE;
				GCC_WARN_UNUSED_FUNCTION = YES;
				GCC_WARN_UNUSED_VARIABLE = YES;
				IPHONEOS_DEPLOYMENT_TARGET = 8.2;
				MTL_ENABLE_DEBUG_INFO = NO;
				SDKROOT = iphoneos;
				TARGETED_DEVICE_FAMILY = "1,2";
				VALIDATE_PRODUCT = YES;
			};
			name = Release;
		};
		490EC4541AF938100050CD01 /* Debug */ = {
			isa = XCBuildConfiguration;
			buildSettings = {
				ASSETCATALOG_COMPILER_APPICON_NAME = AppIcon;
				INFOPLIST_FILE = BackgroundFetch/Info.plist;
				LD_RUNPATH_SEARCH_PATHS = "$(inherited) @executable_path/Frameworks";
				PRODUCT_NAME = "$(TARGET_NAME)";
			};
			name = Debug;
		};
		490EC4551AF938100050CD01 /* Release */ = {
			isa = XCBuildConfiguration;
			buildSettings = {
				ASSETCATALOG_COMPILER_APPICON_NAME = AppIcon;
				INFOPLIST_FILE = BackgroundFetch/Info.plist;
				LD_RUNPATH_SEARCH_PATHS = "$(inherited) @executable_path/Frameworks";
				PRODUCT_NAME = "$(TARGET_NAME)";
			};
			name = Release;
		};
		490EC4571AF938100050CD01 /* Debug */ = {
			isa = XCBuildConfiguration;
			buildSettings = {
				BUNDLE_LOADER = "$(TEST_HOST)";
				FRAMEWORK_SEARCH_PATHS = (
					"$(SDKROOT)/Developer/Library/Frameworks",
					"$(inherited)",
				);
				GCC_PREPROCESSOR_DEFINITIONS = (
					"DEBUG=1",
					"$(inherited)",
				);
				INFOPLIST_FILE = BackgroundFetchTests/Info.plist;
				LD_RUNPATH_SEARCH_PATHS = "$(inherited) @executable_path/Frameworks @loader_path/Frameworks";
				PRODUCT_NAME = "$(TARGET_NAME)";
				TEST_HOST = "$(BUILT_PRODUCTS_DIR)/BackgroundFetch.app/BackgroundFetch";
			};
			name = Debug;
		};
		490EC4581AF938100050CD01 /* Release */ = {
			isa = XCBuildConfiguration;
			buildSettings = {
				BUNDLE_LOADER = "$(TEST_HOST)";
				FRAMEWORK_SEARCH_PATHS = (
					"$(SDKROOT)/Developer/Library/Frameworks",
					"$(inherited)",
				);
				INFOPLIST_FILE = BackgroundFetchTests/Info.plist;
				LD_RUNPATH_SEARCH_PATHS = "$(inherited) @executable_path/Frameworks @loader_path/Frameworks";
				PRODUCT_NAME = "$(TARGET_NAME)";
				TEST_HOST = "$(BUILT_PRODUCTS_DIR)/BackgroundFetch.app/BackgroundFetch";
			};
			name = Release;
		};
/* End XCBuildConfiguration section */

/* Begin XCConfigurationList section */
		490EC42F1AF938100050CD01 /* Build configuration list for PBXProject "BackgroundFetch" */ = {
			isa = XCConfigurationList;
			buildConfigurations = (
				490EC4511AF938100050CD01 /* Debug */,
				490EC4521AF938100050CD01 /* Release */,
			);
			defaultConfigurationIsVisible = 0;
			defaultConfigurationName = Release;
		};
		490EC4531AF938100050CD01 /* Build configuration list for PBXNativeTarget "BackgroundFetch" */ = {
			isa = XCConfigurationList;
			buildConfigurations = (
				490EC4541AF938100050CD01 /* Debug */,
				490EC4551AF938100050CD01 /* Release */,
			);
			defaultConfigurationIsVisible = 0;
			defaultConfigurationName = Release;
		};
		490EC4561AF938100050CD01 /* Build configuration list for PBXNativeTarget "BackgroundFetchTests" */ = {
			isa = XCConfigurationList;
			buildConfigurations = (
				490EC4571AF938100050CD01 /* Debug */,
				490EC4581AF938100050CD01 /* Release */,
			);
			defaultConfigurationIsVisible = 0;
			defaultConfigurationName = Release;
		};
/* End XCConfigurationList section */
	};
	rootObject = 490EC42C1AF938100050CD01 /* Project object */;
}
